
Microsoft Visual Studio Solution File, Format Version 12.00
# Visual Studio Version 17
VisualStudioVersion = 17.8.34316.72
MinimumVisualStudioVersion = 10.0.40219.1
Project("{9A19103F-16F7-4668-BE54-9A1E7A4F7556}") = "Лаба 2 2.1", "Лаба 2 2.1\Лаба 2 2.1.csproj", "{14E557DB-08D4-4F36-A45F-B6ADB47ABA40}"
EndProject
Project("{FAE04EC0-301F-11D3-BF4B-00C04F79EFBC}") = "TestProject1", "TestProject1\TestProject1.csproj", "{197B4A3A-D3D2-4D60-965A-D8BFBDDEA1ED}"
EndProject
Global
	GlobalSection(SolutionConfigurationPlatforms) = preSolution
		Debug|Any CPU = Debug|Any CPU
		Release|Any CPU = Release|Any CPU
	EndGlobalSection
	GlobalSection(ProjectConfigurationPlatforms) = postSolution
		{14E557DB-08D4-4F36-A45F-B6ADB47ABA40}.Debug|Any CPU.ActiveCfg = Debug|Any CPU
		{14E557DB-08D4-4F36-A45F-B6ADB47ABA40}.Debug|Any CPU.Build.0 = Debug|Any CPU
		{14E557DB-08D4-4F36-A45F-B6ADB47ABA40}.Release|Any CPU.ActiveCfg = Release|Any CPU
		{14E557DB-08D4-4F36-A45F-B6ADB47ABA40}.Release|Any CPU.Build.0 = Release|Any CPU
		{197B4A3A-D3D2-4D60-965A-D8BFBDDEA1ED}.Debug|Any CPU.ActiveCfg = Debug|Any CPU
		{197B4A3A-D3D2-4D60-965A-D8BFBDDEA1ED}.Debug|Any CPU.Build.0 = Debug|Any CPU
		{197B4A3A-D3D2-4D60-965A-D8BFBDDEA1ED}.Release|Any CPU.ActiveCfg = Release|Any CPU
		{197B4A3A-D3D2-4D60-965A-D8BFBDDEA1ED}.Release|Any CPU.Build.0 = Release|Any CPU
	EndGlobalSection
	GlobalSection(SolutionProperties) = preSolution
		HideSolutionNode = FALSE
	EndGlobalSection
	GlobalSection(ExtensibilityGlobals) = postSolution
		SolutionGuid = {651A24F1-F4A4-4DD4-B5F0-B02676255BC1}
	EndGlobalSection
EndGlobal
